
Microsoft Visual Studio Solution File, Format Version 12.00
# Visual Studio Version 16
VisualStudioVersion = 16.0.31112.23
MinimumVisualStudioVersion = 10.0.40219.1
Project("{FAE04EC0-301F-11D3-BF4B-00C04F79EFBC}") = "Static Currency Converter", "Static Currency Converter\Static Currency Converter.csproj", "{98EEABD9-83C9-42EF-963A-1CA4C82E4875}"
EndProject
Global
	GlobalSection(SolutionConfigurationPlatforms) = preSolution
		Debug|Any CPU = Debug|Any CPU
		Release|Any CPU = Release|Any CPU
	EndGlobalSection
	GlobalSection(ProjectConfigurationPlatforms) = postSolution
		{98EEABD9-83C9-42EF-963A-1CA4C82E4875}.Debug|Any CPU.ActiveCfg = Debug|Any CPU
		{98EEABD9-83C9-42EF-963A-1CA4C82E4875}.Debug|Any CPU.Build.0 = Debug|Any CPU
		{98EEABD9-83C9-42EF-963A-1CA4C82E4875}.Release|Any CPU.ActiveCfg = Release|Any CPU
		{98EEABD9-83C9-42EF-963A-1CA4C82E4875}.Release|Any CPU.Build.0 = Release|Any CPU
	EndGlobalSection
	GlobalSection(SolutionProperties) = preSolution
		HideSolutionNode = FALSE
	EndGlobalSection
	GlobalSection(ExtensibilityGlobals) = postSolution
		SolutionGuid = {5734FDEB-B5E8-4A4C-8003-5EC6CF461CBE}
	EndGlobalSection
EndGlobal
